
Microsoft Visual Studio Solution File, Format Version 12.00
# Visual Studio Version 16
VisualStudioVersion = 16.0.30204.135
MinimumVisualStudioVersion = 10.0.40219.1
Project("{FAE04EC0-301F-11D3-BF4B-00C04F79EFBC}") = "Wallpaper Wizard", "Wallpaper Wizard.csproj", "{CD23CBF1-2EC9-4B3B-A32A-B34C1EF673B4}"
EndProject
Project("{54435603-DBB4-11D2-8724-00A0C9A8B90C}") = "Wallpaper Wizard Setup", "..\Wallpaper Wizard Setup\Wallpaper Wizard Setup.vdproj", "{324A8847-ACED-455F-BFD3-2DF8DFAA9116}"
EndProject
Global
	GlobalSection(SolutionConfigurationPlatforms) = preSolution
		Debug|Any CPU = Debug|Any CPU
		Release|Any CPU = Release|Any CPU
	EndGlobalSection
	GlobalSection(ProjectConfigurationPlatforms) = postSolution
		{CD23CBF1-2EC9-4B3B-A32A-B34C1EF673B4}.Debug|Any CPU.ActiveCfg = Debug|Any CPU
		{CD23CBF1-2EC9-4B3B-A32A-B34C1EF673B4}.Debug|Any CPU.Build.0 = Debug|Any CPU
		{CD23CBF1-2EC9-4B3B-A32A-B34C1EF673B4}.Release|Any CPU.ActiveCfg = Release|Any CPU
		{CD23CBF1-2EC9-4B3B-A32A-B34C1EF673B4}.Release|Any CPU.Build.0 = Release|Any CPU
		{324A8847-ACED-455F-BFD3-2DF8DFAA9116}.Debug|Any CPU.ActiveCfg = Debug
		{324A8847-ACED-455F-BFD3-2DF8DFAA9116}.Release|Any CPU.ActiveCfg = Release
	EndGlobalSection
	GlobalSection(SolutionProperties) = preSolution
		HideSolutionNode = FALSE
	EndGlobalSection
	GlobalSection(ExtensibilityGlobals) = postSolution
		SolutionGuid = {487B4D49-AAF1-489F-ACFE-F2172FD6A881}
	EndGlobalSection
EndGlobal
